// !$*UTF8*$!
{
	archiveVersion = 1;
	classes = {
	};
	objectVersion = 77;
	objects = {

/* Begin PBXBuildFile section */
		515FA2FE2E5B6B0D00F38047 /* LocalAuthentication.framework in Frameworks */ = {isa = PBXBuildFile; fileRef = 515FA2FD2E5B6B0D00F38047 /* LocalAuthentication.framework */; };
		5172EAE22E5C18DF00EE04D0 /* FirebaseAnalytics in Frameworks */ = {isa = PBXBuildFile; productRef = 5172EAE12E5C18DF00EE04D0 /* FirebaseAnalytics */; };
		5172EAE42E5C18DF00EE04D0 /* FirebaseAuth in Frameworks */ = {isa = PBXBuildFile; productRef = 5172EAE32E5C18DF00EE04D0 /* FirebaseAuth */; };
		5172EAE62E5C18DF00EE04D0 /* FirebaseFirestore in Frameworks */ = {isa = PBXBuildFile; productRef = 5172EAE52E5C18DF00EE04D0 /* FirebaseFirestore */; };
		5172EAE82E5C18DF00EE04D0 /* FirebaseMessaging in Frameworks */ = {isa = PBXBuildFile; productRef = 5172EAE72E5C18DF00EE04D0 /* FirebaseMessaging */; };
		5172EAEA2E5C18DF00EE04D0 /* FirebaseStorage in Frameworks */ = {isa = PBXBuildFile; productRef = 5172EAE92E5C18DF00EE04D0 /* FirebaseStorage */; };
		BE1E50092E7C114600D6B463 /* CoreML.framework in Frameworks */ = {isa = PBXBuildFile; fileRef = BE1E50082E7C114600D6B463 /* CoreML.framework */; };
/* End PBXBuildFile section */

/* Begin PBXContainerItemProxy section */
		51F89AD52E5B0437000599C4 /* PBXContainerItemProxy */ = {
			isa = PBXContainerItemProxy;
			containerPortal = 51F89ABF2E5B0435000599C4 /* Project object */;
			proxyType = 1;
			remoteGlobalIDString = 51F89AC62E5B0435000599C4;
			remoteInfo = FitBuddy;
		};
		51F89ADF2E5B0437000599C4 /* PBXContainerItemProxy */ = {
			isa = PBXContainerItemProxy;
			containerPortal = 51F89ABF2E5B0435000599C4 /* Project object */;
			proxyType = 1;
			remoteGlobalIDString = 51F89AC62E5B0435000599C4;
			remoteInfo = FitBuddy;
		};
/* End PBXContainerItemProxy section */

/* Begin PBXFileReference section */
		515FA2FD2E5B6B0D00F38047 /* LocalAuthentication.framework */ = {isa = PBXFileReference; lastKnownFileType = wrapper.framework; name = LocalAuthentication.framework; path = System/Library/Frameworks/LocalAuthentication.framework; sourceTree = SDKROOT; };
		51F89AC72E5B0435000599C4 /* FitBuddy.app */ = {isa = PBXFileReference; explicitFileType = wrapper.application; includeInIndex = 0; path = FitBuddy.app; sourceTree = BUILT_PRODUCTS_DIR; };
		51F89AD42E5B0437000599C4 /* FitBuddyTests.xctest */ = {isa = PBXFileReference; explicitFileType = wrapper.cfbundle; includeInIndex = 0; path = FitBuddyTests.xctest; sourceTree = BUILT_PRODUCTS_DIR; };
		51F89ADE2E5B0437000599C4 /* FitBuddyUITests.xctest */ = {isa = PBXFileReference; explicitFileType = wrapper.cfbundle; includeInIndex = 0; path = FitBuddyUITests.xctest; sourceTree = BUILT_PRODUCTS_DIR; };
		BE1E50082E7C114600D6B463 /* CoreML.framework */ = {isa = PBXFileReference; lastKnownFileType = wrapper.framework; name = CoreML.framework; path = System/Library/Frameworks/CoreML.framework; sourceTree = SDKROOT; };
/* End PBXFileReference section */

/* Begin PBXFileSystemSynchronizedBuildFileExceptionSet section */
		51F89AF12E5B0437000599C4 /* Exceptions for "FitBuddy" folder in "FitBuddy" target */ = {
			isa = PBXFileSystemSynchronizedBuildFileExceptionSet;
			membershipExceptions = (
				Info.plist,
			);
			target = 51F89AC62E5B0435000599C4 /* FitBuddy */;
		};
/* End PBXFileSystemSynchronizedBuildFileExceptionSet section */

/* Begin PBXFileSystemSynchronizedRootGroup section */
		51F89AC92E5B0435000599C4 /* FitBuddy */ = {
			isa = PBXFileSystemSynchronizedRootGroup;
			exceptions = (
				51F89AF12E5B0437000599C4 /* Exceptions for "FitBuddy" folder in "FitBuddy" target */,
			);
			path = FitBuddy;
			sourceTree = "<group>";
		};
		51F89AD72E5B0437000599C4 /* FitBuddyTests */ = {
			isa = PBXFileSystemSynchronizedRootGroup;
			path = FitBuddyTests;
			sourceTree = "<group>";
		};
		51F89AE12E5B0437000599C4 /* FitBuddyUITests */ = {
			isa = PBXFileSystemSynchronizedRootGroup;
			path = FitBuddyUITests;
			sourceTree = "<group>";
		};
/* End PBXFileSystemSynchronizedRootGroup section */

/* Begin PBXFrameworksBuildPhase section */
		51F89AC42E5B0435000599C4 /* Frameworks */ = {
			isa = PBXFrameworksBuildPhase;
			buildActionMask = 2147483647;
			files = (
				5172EAE22E5C18DF00EE04D0 /* FirebaseAnalytics in Frameworks */,
				BE1E50092E7C114600D6B463 /* CoreML.framework in Frameworks */,
				5172EAE62E5C18DF00EE04D0 /* FirebaseFirestore in Frameworks */,
				5172EAE82E5C18DF00EE04D0 /* FirebaseMessaging in Frameworks */,
				5172EAE42E5C18DF00EE04D0 /* FirebaseAuth in Frameworks */,
				515FA2FE2E5B6B0D00F38047 /* LocalAuthentication.framework in Frameworks */,
				5172EAEA2E5C18DF00EE04D0 /* FirebaseStorage in Frameworks */,
			);
			runOnlyForDeploymentPostprocessing = 0;
		};
		51F89AD12E5B0437000599C4 /* Frameworks */ = {
			isa = PBXFrameworksBuildPhase;
			buildActionMask = 2147483647;
			files = (
			);
			runOnlyForDeploymentPostprocessing = 0;
		};
		51F89ADB2E5B0437000599C4 /* Frameworks */ = {
			isa = PBXFrameworksBuildPhase;
			buildActionMask = 2147483647;
			files = (
			);
			runOnlyForDeploymentPostprocessing = 0;
		};
/* End PBXFrameworksBuildPhase section */

/* Begin PBXGroup section */
		515FA2FC2E5B6B0D00F38047 /* Frameworks */ = {
			isa = PBXGroup;
			children = (
				BE1E50082E7C114600D6B463 /* CoreML.framework */,
				515FA2FD2E5B6B0D00F38047 /* LocalAuthentication.framework */,
			);
			name = Frameworks;
			sourceTree = "<group>";
		};
		51F89ABE2E5B0435000599C4 = {
			isa = PBXGroup;
			children = (
				51F89AC92E5B0435000599C4 /* FitBuddy */,
				51F89AD72E5B0437000599C4 /* FitBuddyTests */,
				51F89AE12E5B0437000599C4 /* FitBuddyUITests */,
				515FA2FC2E5B6B0D00F38047 /* Frameworks */,
				51F89AC82E5B0435000599C4 /* Products */,
			);
			sourceTree = "<group>";
		};
		51F89AC82E5B0435000599C4 /* Products */ = {
			isa = PBXGroup;
			children = (
				51F89AC72E5B0435000599C4 /* FitBuddy.app */,
				51F89AD42E5B0437000599C4 /* FitBuddyTests.xctest */,
				51F89ADE2E5B0437000599C4 /* FitBuddyUITests.xctest */,
			);
			name = Products;
			sourceTree = "<group>";
		};
/* End PBXGroup section */

/* Begin PBXNativeTarget section */
		51F89AC62E5B0435000599C4 /* FitBuddy */ = {
			isa = PBXNativeTarget;
			buildConfigurationList = 51F89AE82E5B0437000599C4 /* Build configuration list for PBXNativeTarget "FitBuddy" */;
			buildPhases = (
				51F89AC32E5B0435000599C4 /* Sources */,
				51F89AC42E5B0435000599C4 /* Frameworks */,
				51F89AC52E5B0435000599C4 /* Resources */,
			);
			buildRules = (
			);
			dependencies = (
			);
			fileSystemSynchronizedGroups = (
				51F89AC92E5B0435000599C4 /* FitBuddy */,
			);
			name = FitBuddy;
			packageProductDependencies = (
				5172EAE12E5C18DF00EE04D0 /* FirebaseAnalytics */,
				5172EAE32E5C18DF00EE04D0 /* FirebaseAuth */,
				5172EAE52E5C18DF00EE04D0 /* FirebaseFirestore */,
				5172EAE72E5C18DF00EE04D0 /* FirebaseMessaging */,
				5172EAE92E5C18DF00EE04D0 /* FirebaseStorage */,
			);
			productName = FitBuddy;
			productReference = 51F89AC72E5B0435000599C4 /* FitBuddy.app */;
			productType = "com.apple.product-type.application";
		};
		51F89AD32E5B0437000599C4 /* FitBuddyTests */ = {
			isa = PBXNativeTarget;
			buildConfigurationList = 51F89AEB2E5B0437000599C4 /* Build configuration list for PBXNativeTarget "FitBuddyTests" */;
			buildPhases = (
				51F89AD02E5B0437000599C4 /* Sources */,
				51F89AD12E5B0437000599C4 /* Frameworks */,
				51F89AD22E5B0437000599C4 /* Resources */,
			);
			buildRules = (
			);
			dependencies = (
				51F89AD62E5B0437000599C4 /* PBXTargetDependency */,
			);
			fileSystemSynchronizedGroups = (
				51F89AD72E5B0437000599C4 /* FitBuddyTests */,
			);
			name = FitBuddyTests;
			packageProductDependencies = (
			);
			productName = FitBuddyTests;
			productReference = 51F89AD42E5B0437000599C4 /* FitBuddyTests.xctest */;
			productType = "com.apple.product-type.bundle.unit-test";
		};
		51F89ADD2E5B0437000599C4 /* FitBuddyUITests */ = {
			isa = PBXNativeTarget;
			buildConfigurationList = 51F89AEE2E5B0437000599C4 /* Build configuration list for PBXNativeTarget "FitBuddyUITests" */;
			buildPhases = (
				51F89ADA2E5B0437000599C4 /* Sources */,
				51F89ADB2E5B0437000599C4 /* Frameworks */,
				51F89ADC2E5B0437000599C4 /* Resources */,
			);
			buildRules = (
			);
			dependencies = (
				51F89AE02E5B0437000599C4 /* PBXTargetDependency */,
			);
			fileSystemSynchronizedGroups = (
				51F89AE12E5B0437000599C4 /* FitBuddyUITests */,
			);
			name = FitBuddyUITests;
			packageProductDependencies = (
			);
			productName = FitBuddyUITests;
			productReference = 51F89ADE2E5B0437000599C4 /* FitBuddyUITests.xctest */;
			productType = "com.apple.product-type.bundle.ui-testing";
		};
/* End PBXNativeTarget section */

/* Begin PBXProject section */
		51F89ABF2E5B0435000599C4 /* Project object */ = {
			isa = PBXProject;
			attributes = {
				BuildIndependentTargetsInParallel = 1;
				LastSwiftUpdateCheck = 1640;
				LastUpgradeCheck = 1640;
				TargetAttributes = {
					51F89AC62E5B0435000599C4 = {
						CreatedOnToolsVersion = 16.4;
					};
					51F89AD32E5B0437000599C4 = {
						CreatedOnToolsVersion = 16.4;
						TestTargetID = 51F89AC62E5B0435000599C4;
					};
					51F89ADD2E5B0437000599C4 = {
						CreatedOnToolsVersion = 16.4;
						TestTargetID = 51F89AC62E5B0435000599C4;
					};
				};
			};
			buildConfigurationList = 51F89AC22E5B0435000599C4 /* Build configuration list for PBXProject "FitBuddy" */;
			developmentRegion = en;
			hasScannedForEncodings = 0;
			knownRegions = (
				en,
				Base,
			);
			mainGroup = 51F89ABE2E5B0435000599C4;
			minimizedProjectReferenceProxies = 1;
			packageReferences = (
				5172EAE02E5C18DF00EE04D0 /* XCRemoteSwiftPackageReference "firebase-ios-sdk" */,
			);
			preferredProjectObjectVersion = 77;
			productRefGroup = 51F89AC82E5B0435000599C4 /* Products */;
			projectDirPath = "";
			projectRoot = "";
			targets = (
				51F89AC62E5B0435000599C4 /* FitBuddy */,
				51F89AD32E5B0437000599C4 /* FitBuddyTests */,
				51F89ADD2E5B0437000599C4 /* FitBuddyUITests */,
			);
		};
/* End PBXProject section */

/* Begin PBXResourcesBuildPhase section */
		51F89AC52E5B0435000599C4 /* Resources */ = {
			isa = PBXResourcesBuildPhase;
			buildActionMask = 2147483647;
			files = (
			);
			runOnlyForDeploymentPostprocessing = 0;
		};
		51F89AD22E5B0437000599C4 /* Resources */ = {
			isa = PBXResourcesBuildPhase;
			buildActionMask = 2147483647;
			files = (
			);
			runOnlyForDeploymentPostprocessing = 0;
		};
		51F89ADC2E5B0437000599C4 /* Resources */ = {
			isa = PBXResourcesBuildPhase;
			buildActionMask = 2147483647;
			files = (
			);
			runOnlyForDeploymentPostprocessing = 0;
		};
/* End PBXResourcesBuildPhase section */

/* Begin PBXSourcesBuildPhase section */
		51F89AC32E5B0435000599C4 /* Sources */ = {
			isa = PBXSourcesBuildPhase;
			buildActionMask = 2147483647;
			files = (
			);
			runOnlyForDeploymentPostprocessing = 0;
		};
		51F89AD02E5B0437000599C4 /* Sources */ = {
			isa = PBXSourcesBuildPhase;
			buildActionMask = 2147483647;
			files = (
			);
			runOnlyForDeploymentPostprocessing = 0;
		};
		51F89ADA2E5B0437000599C4 /* Sources */ = {
			isa = PBXSourcesBuildPhase;
			buildActionMask = 2147483647;
			files = (
			);
			runOnlyForDeploymentPostprocessing = 0;
		};
/* End PBXSourcesBuildPhase section */

/* Begin PBXTargetDependency section */
		51F89AD62E5B0437000599C4 /* PBXTargetDependency */ = {
			isa = PBXTargetDependency;
			target = 51F89AC62E5B0435000599C4 /* FitBuddy */;
			targetProxy = 51F89AD52E5B0437000599C4 /* PBXContainerItemProxy */;
		};
		51F89AE02E5B0437000599C4 /* PBXTargetDependency */ = {
			isa = PBXTargetDependency;
			target = 51F89AC62E5B0435000599C4 /* FitBuddy */;
			targetProxy = 51F89ADF2E5B0437000599C4 /* PBXContainerItemProxy */;
		};
/* End PBXTargetDependency section */

/* Begin XCBuildConfiguration section */
		51F89AE62E5B0437000599C4 /* Debug */ = {
			isa = XCBuildConfiguration;
			buildSettings = {
				ALWAYS_SEARCH_USER_PATHS = NO;
				ASSETCATALOG_COMPILER_GENERATE_SWIFT_ASSET_SYMBOL_EXTENSIONS = YES;
				CLANG_ANALYZER_NONNULL = YES;
				CLANG_ANALYZER_NUMBER_OBJECT_CONVERSION = YES_AGGRESSIVE;
				CLANG_CXX_LANGUAGE_STANDARD = "gnu++20";
				CLANG_ENABLE_MODULES = YES;
				CLANG_ENABLE_OBJC_ARC = YES;
				CLANG_ENABLE_OBJC_WEAK = YES;
				CLANG_WARN_BLOCK_CAPTURE_AUTORELEASING = YES;
				CLANG_WARN_BOOL_CONVERSION = YES;
				CLANG_WARN_COMMA = YES;
				CLANG_WARN_CONSTANT_CONVERSION = YES;
				CLANG_WARN_DEPRECATED_OBJC_IMPLEMENTATIONS = YES;
				CLANG_WARN_DIRECT_OBJC_ISA_USAGE = YES_ERROR;
				CLANG_WARN_DOCUMENTATION_COMMENTS = YES;
				CLANG_WARN_EMPTY_BODY = YES;
				CLANG_WARN_ENUM_CONVERSION = YES;
				CLANG_WARN_INFINITE_RECURSION = YES;
				CLANG_WARN_INT_CONVERSION = YES;
				CLANG_WARN_NON_LITERAL_NULL_CONVERSION = YES;
				CLANG_WARN_OBJC_IMPLICIT_RETAIN_SELF = YES;
				CLANG_WARN_OBJC_LITERAL_CONVERSION = YES;
				CLANG_WARN_OBJC_ROOT_CLASS = YES_ERROR;
				CLANG_WARN_QUOTED_INCLUDE_IN_FRAMEWORK_HEADER = YES;
				CLANG_WARN_RANGE_LOOP_ANALYSIS = YES;
				CLANG_WARN_STRICT_PROTOTYPES = YES;
				CLANG_WARN_SUSPICIOUS_MOVE = YES;
				CLANG_WARN_UNGUARDED_AVAILABILITY = YES_AGGRESSIVE;
				CLANG_WARN_UNREACHABLE_CODE = YES;
				CLANG_WARN__DUPLICATE_METHOD_MATCH = YES;
				COPY_PHASE_STRIP = NO;
				DEBUG_INFORMATION_FORMAT = dwarf;
				ENABLE_STRICT_OBJC_MSGSEND = YES;
				ENABLE_TESTABILITY = YES;
				ENABLE_USER_SCRIPT_SANDBOXING = YES;
				GCC_C_LANGUAGE_STANDARD = gnu17;
				GCC_DYNAMIC_NO_PIC = NO;
				GCC_NO_COMMON_BLOCKS = YES;
				GCC_OPTIMIZATION_LEVEL = 0;
				GCC_PREPROCESSOR_DEFINITIONS = (
					"DEBUG=1",
					"$(inherited)",
				);
				GCC_WARN_64_TO_32_BIT_CONVERSION = YES;
				GCC_WARN_ABOUT_RETURN_TYPE = YES_ERROR;
				GCC_WARN_UNDECLARED_SELECTOR = YES;
				GCC_WARN_UNINITIALIZED_AUTOS = YES_AGGRESSIVE;
				GCC_WARN_UNUSED_FUNCTION = YES;
				GCC_WARN_UNUSED_VARIABLE = YES;
				IPHONEOS_DEPLOYMENT_TARGET = 16.0;
				LOCALIZATION_PREFERS_STRING_CATALOGS = YES;
				MTL_ENABLE_DEBUG_INFO = INCLUDE_SOURCE;
				MTL_FAST_MATH = YES;
				ONLY_ACTIVE_ARCH = YES;
				SDKROOT = iphoneos;
				SWIFT_ACTIVE_COMPILATION_CONDITIONS = "DEBUG $(inherited)";
				SWIFT_OPTIMIZATION_LEVEL = "-Onone";
			};
			name = Debug;
		};
		51F89AE72E5B0437000599C4 /* Release */ = {
			isa = XCBuildConfiguration;
			buildSettings = {
				ALWAYS_SEARCH_USER_PATHS = NO;
				ASSETCATALOG_COMPILER_GENERATE_SWIFT_ASSET_SYMBOL_EXTENSIONS = YES;
				CLANG_ANALYZER_NONNULL = YES;
				CLANG_ANALYZER_NUMBER_OBJECT_CONVERSION = YES_AGGRESSIVE;
				CLANG_CXX_LANGUAGE_STANDARD = "gnu++20";
				CLANG_ENABLE_MODULES = YES;
				CLANG_ENABLE_OBJC_ARC = YES;
				CLANG_ENABLE_OBJC_WEAK = YES;
				CLANG_WARN_BLOCK_CAPTURE_AUTORELEASING = YES;
				CLANG_WARN_BOOL_CONVERSION = YES;
				CLANG_WARN_COMMA = YES;
				CLANG_WARN_CONSTANT_CONVERSION = YES;
				CLANG_WARN_DEPRECATED_OBJC_IMPLEMENTATIONS = YES;
				CLANG_WARN_DIRECT_OBJC_ISA_USAGE = YES_ERROR;
				CLANG_WARN_DOCUMENTATION_COMMENTS = YES;
				CLANG_WARN_EMPTY_BODY = YES;
				CLANG_WARN_ENUM_CONVERSION = YES;
				CLANG_WARN_INFINITE_RECURSION = YES;
				CLANG_WARN_INT_CONVERSION = YES;
				CLANG_WARN_NON_LITERAL_NULL_CONVERSION = YES;
				CLANG_WARN_OBJC_IMPLICIT_RETAIN_SELF = YES;
				CLANG_WARN_OBJC_LITERAL_CONVERSION = YES;
				CLANG_WARN_OBJC_ROOT_CLASS = YES_ERROR;
				CLANG_WARN_QUOTED_INCLUDE_IN_FRAMEWORK_HEADER = YES;
				CLANG_WARN_RANGE_LOOP_ANALYSIS = YES;
				CLANG_WARN_STRICT_PROTOTYPES = YES;
				CLANG_WARN_SUSPICIOUS_MOVE = YES;
				CLANG_WARN_UNGUARDED_AVAILABILITY = YES_AGGRESSIVE;
				CLANG_WARN_UNREACHABLE_CODE = YES;
				CLANG_WARN__DUPLICATE_METHOD_MATCH = YES;
				COPY_PHASE_STRIP = NO;
				DEBUG_INFORMATION_FORMAT = "dwarf-with-dsym";
				ENABLE_NS_ASSERTIONS = NO;
				ENABLE_STRICT_OBJC_MSGSEND = YES;
				ENABLE_USER_SCRIPT_SANDBOXING = YES;
				GCC_C_LANGUAGE_STANDARD = gnu17;
				GCC_NO_COMMON_BLOCKS = YES;
				GCC_WARN_64_TO_32_BIT_CONVERSION = YES;
				GCC_WARN_ABOUT_RETURN_TYPE = YES_ERROR;
				GCC_WARN_UNDECLARED_SELECTOR = YES;
				GCC_WARN_UNINITIALIZED_AUTOS = YES_AGGRESSIVE;
				GCC_WARN_UNUSED_FUNCTION = YES;
				GCC_WARN_UNUSED_VARIABLE = YES;
				IPHONEOS_DEPLOYMENT_TARGET = 16.0;
				LOCALIZATION_PREFERS_STRING_CATALOGS = YES;
				MTL_ENABLE_DEBUG_INFO = NO;
				MTL_FAST_MATH = YES;
				SDKROOT = iphoneos;
				SWIFT_COMPILATION_MODE = wholemodule;
				VALIDATE_PRODUCT = YES;
			};
			name = Release;
		};
		51F89AE92E5B0437000599C4 /* Debug */ = {
			isa = XCBuildConfiguration;
			buildSettings = {
				ASSETCATALOG_COMPILER_APPICON_NAME = AppIcon;
				ASSETCATALOG_COMPILER_GLOBAL_ACCENT_COLOR_NAME = AccentColor;
				CODE_SIGN_ENTITLEMENTS = FitBuddy.entitlements;
				CODE_SIGN_IDENTITY = "Apple Development";
				CODE_SIGN_STYLE = Automatic;
				CURRENT_PROJECT_VERSION = 1;
				DEVELOPMENT_TEAM = VUK8HA3YH9;
				ENABLE_PREVIEWS = YES;
				INFOPLIST_FILE = FitBuddy/Info.plist;
				LD_RUNPATH_SEARCH_PATHS = (
					"$(inherited)",
					"@executable_path/Frameworks",
				);
				MARKETING_VERSION = 1.0;
				PRODUCT_BUNDLE_IDENTIFIER = NIBM.FitBuddy;
				PRODUCT_NAME = "$(TARGET_NAME)";
				PROVISIONING_PROFILE_SPECIFIER = "";
				SWIFT_EMIT_LOC_STRINGS = YES;
				SWIFT_VERSION = 5.0;
				TARGETED_DEVICE_FAMILY = "1,2";
			};
			name = Debug;
		};
		51F89AEA2E5B0437000599C4 /* Release */ = {
			isa = XCBuildConfiguration;
			buildSettings = {
				ASSETCATALOG_COMPILER_APPICON_NAME = AppIcon;
				ASSETCATALOG_COMPILER_GLOBAL_ACCENT_COLOR_NAME = AccentColor;
				CODE_SIGN_ENTITLEMENTS = FitBuddy.entitlements;
				CODE_SIGN_IDENTITY = "Apple Development";
				CODE_SIGN_STYLE = Automatic;
				CURRENT_PROJECT_VERSION = 1;
				DEVELOPMENT_TEAM = VUK8HA3YH9;
				ENABLE_PREVIEWS = YES;
				INFOPLIST_FILE = FitBuddy/Info.plist;
				LD_RUNPATH_SEARCH_PATHS = (
					"$(inherited)",
					"@executable_path/Frameworks",
				);
				MARKETING_VERSION = 1.0;
				PRODUCT_BUNDLE_IDENTIFIER = NIBM.FitBuddy;
				PRODUCT_NAME = "$(TARGET_NAME)";
				PROVISIONING_PROFILE_SPECIFIER = "";
				SWIFT_EMIT_LOC_STRINGS = YES;
				SWIFT_VERSION = 5.0;
				TARGETED_DEVICE_FAMILY = "1,2";
			};
			name = Release;
		};
		51F89AEC2E5B0437000599C4 /* Debug */ = {
			isa = XCBuildConfiguration;
			buildSettings = {
				BUNDLE_LOADER = "$(TEST_HOST)";
				CODE_SIGN_STYLE = Automatic;
				CURRENT_PROJECT_VERSION = 1;
				DEVELOPMENT_TEAM = VUK8HA3YH9;
				GENERATE_INFOPLIST_FILE = YES;
				IPHONEOS_DEPLOYMENT_TARGET = 16.0;
				MARKETING_VERSION = 1.0;
				PRODUCT_BUNDLE_IDENTIFIER = NIBM.FitBuddyTests;
				PRODUCT_NAME = "$(TARGET_NAME)";
				SWIFT_EMIT_LOC_STRINGS = NO;
				SWIFT_VERSION = 5.0;
				TARGETED_DEVICE_FAMILY = "1,2";
				TEST_HOST = "$(BUILT_PRODUCTS_DIR)/FitBuddy.app/$(BUNDLE_EXECUTABLE_FOLDER_PATH)/FitBuddy";
			};
			name = Debug;
		};
		51F89AED2E5B0437000599C4 /* Release */ = {
			isa = XCBuildConfiguration;
			buildSettings = {
				BUNDLE_LOADER = "$(TEST_HOST)";
				CODE_SIGN_STYLE = Automatic;
				CURRENT_PROJECT_VERSION = 1;
				DEVELOPMENT_TEAM = VUK8HA3YH9;
				GENERATE_INFOPLIST_FILE = YES;
				IPHONEOS_DEPLOYMENT_TARGET = 16.0;
				MARKETING_VERSION = 1.0;
				PRODUCT_BUNDLE_IDENTIFIER = NIBM.FitBuddyTests;
				PRODUCT_NAME = "$(TARGET_NAME)";
				SWIFT_EMIT_LOC_STRINGS = NO;
				SWIFT_VERSION = 5.0;
				TARGETED_DEVICE_FAMILY = "1,2";
				TEST_HOST = "$(BUILT_PRODUCTS_DIR)/FitBuddy.app/$(BUNDLE_EXECUTABLE_FOLDER_PATH)/FitBuddy";
			};
			name = Release;
		};
		51F89AEF2E5B0437000599C4 /* Debug */ = {
			isa = XCBuildConfiguration;
			buildSettings = {
				CODE_SIGN_STYLE = Automatic;
				CURRENT_PROJECT_VERSION = 1;
				DEVELOPMENT_TEAM = VUK8HA3YH9;
				GENERATE_INFOPLIST_FILE = YES;
				MARKETING_VERSION = 1.0;
				PRODUCT_BUNDLE_IDENTIFIER = NIBM.FitBuddyUITests;
				PRODUCT_NAME = "$(TARGET_NAME)";
				SWIFT_EMIT_LOC_STRINGS = NO;
				SWIFT_VERSION = 5.0;
				TARGETED_DEVICE_FAMILY = "1,2";
				TEST_TARGET_NAME = FitBuddy;
			};
			name = Debug;
		};
		51F89AF02E5B0437000599C4 /* Release */ = {
			isa = XCBuildConfiguration;
			buildSettings = {
				CODE_SIGN_STYLE = Automatic;
				CURRENT_PROJECT_VERSION = 1;
				DEVELOPMENT_TEAM = VUK8HA3YH9;
				GENERATE_INFOPLIST_FILE = YES;
				MARKETING_VERSION = 1.0;
				PRODUCT_BUNDLE_IDENTIFIER = NIBM.FitBuddyUITests;
				PRODUCT_NAME = "$(TARGET_NAME)";
				SWIFT_EMIT_LOC_STRINGS = NO;
				SWIFT_VERSION = 5.0;
				TARGETED_DEVICE_FAMILY = "1,2";
				TEST_TARGET_NAME = FitBuddy;
			};
			name = Release;
		};
/* End XCBuildConfiguration section */

/* Begin XCConfigurationList section */
		51F89AC22E5B0435000599C4 /* Build configuration list for PBXProject "FitBuddy" */ = {
			isa = XCConfigurationList;
			buildConfigurations = (
				51F89AE62E5B0437000599C4 /* Debug */,
				51F89AE72E5B0437000599C4 /* Release */,
			);
			defaultConfigurationIsVisible = 0;
			defaultConfigurationName = Release;
		};
		51F89AE82E5B0437000599C4 /* Build configuration list for PBXNativeTarget "FitBuddy" */ = {
			isa = XCConfigurationList;
			buildConfigurations = (
				51F89AE92E5B0437000599C4 /* Debug */,
				51F89AEA2E5B0437000599C4 /* Release */,
			);
			defaultConfigurationIsVisible = 0;
			defaultConfigurationName = Release;
		};
		51F89AEB2E5B0437000599C4 /* Build configuration list for PBXNativeTarget "FitBuddyTests" */ = {
			isa = XCConfigurationList;
			buildConfigurations = (
				51F89AEC2E5B0437000599C4 /* Debug */,
				51F89AED2E5B0437000599C4 /* Release */,
			);
			defaultConfigurationIsVisible = 0;
			defaultConfigurationName = Release;
		};
		51F89AEE2E5B0437000599C4 /* Build configuration list for PBXNativeTarget "FitBuddyUITests" */ = {
			isa = XCConfigurationList;
			buildConfigurations = (
				51F89AEF2E5B0437000599C4 /* Debug */,
				51F89AF02E5B0437000599C4 /* Release */,
			);
			defaultConfigurationIsVisible = 0;
			defaultConfigurationName = Release;
		};
/* End XCConfigurationList section */

/* Begin XCRemoteSwiftPackageReference section */
		5172EAE02E5C18DF00EE04D0 /* XCRemoteSwiftPackageReference "firebase-ios-sdk" */ = {
			isa = XCRemoteSwiftPackageReference;
			repositoryURL = "https://github.com/firebase/firebase-ios-sdk";
			requirement = {
				kind = upToNextMajorVersion;
				minimumVersion = 12.1.0;
			};
		};
/* End XCRemoteSwiftPackageReference section */

/* Begin XCSwiftPackageProductDependency section */
		5172EAE12E5C18DF00EE04D0 /* FirebaseAnalytics */ = {
			isa = XCSwiftPackageProductDependency;
			package = 5172EAE02E5C18DF00EE04D0 /* XCRemoteSwiftPackageReference "firebase-ios-sdk" */;
			productName = FirebaseAnalytics;
		};
		5172EAE32E5C18DF00EE04D0 /* FirebaseAuth */ = {
			isa = XCSwiftPackageProductDependency;
			package = 5172EAE02E5C18DF00EE04D0 /* XCRemoteSwiftPackageReference "firebase-ios-sdk" */;
			productName = FirebaseAuth;
		};
		5172EAE52E5C18DF00EE04D0 /* FirebaseFirestore */ = {
			isa = XCSwiftPackageProductDependency;
			package = 5172EAE02E5C18DF00EE04D0 /* XCRemoteSwiftPackageReference "firebase-ios-sdk" */;
			productName = FirebaseFirestore;
		};
		5172EAE72E5C18DF00EE04D0 /* FirebaseMessaging */ = {
			isa = XCSwiftPackageProductDependency;
			package = 5172EAE02E5C18DF00EE04D0 /* XCRemoteSwiftPackageReference "firebase-ios-sdk" */;
			productName = FirebaseMessaging;
		};
		5172EAE92E5C18DF00EE04D0 /* FirebaseStorage */ = {
			isa = XCSwiftPackageProductDependency;
			package = 5172EAE02E5C18DF00EE04D0 /* XCRemoteSwiftPackageReference "firebase-ios-sdk" */;
			productName = FirebaseStorage;
		};
/* End XCSwiftPackageProductDependency section */
	};
	rootObject = 51F89ABF2E5B0435000599C4 /* Project object */;
}
